
Microsoft Visual Studio Solution File, Format Version 12.00
# 17
VisualStudioVersion = 17.0.31903.59
MinimumVisualStudioVersion = 10.0.40219.1
Project("{FAE04EC0-301F-11D3-BF4B-00C04F79EFBC}") = "OOSE.LW08.Client", "OOSE.LW08.Client\OOSE.LW08.Client.csproj", "{7A67F947-D9EC-4C1E-87EF-193B3C1FB97A}"
EndProject
Global
	GlobalSection(SolutionConfigurationPlatforms) = preSolution
		Debug|Any CPU = Debug|Any CPU
		Release|Any CPU = Release|Any CPU
	EndGlobalSection
	GlobalSection(ProjectConfigurationPlatforms) = postSolution
		{7A67F947-D9EC-4C1E-87EF-193B3C1FB97A}.Debug|Any CPU.ActiveCfg = Debug|Any CPU
		{7A67F947-D9EC-4C1E-87EF-193B3C1FB97A}.Debug|Any CPU.Build.0 = Debug|Any CPU
		{7A67F947-D9EC-4C1E-87EF-193B3C1FB97A}.Release|Any CPU.ActiveCfg = Release|Any CPU
		{7A67F947-D9EC-4C1E-87EF-193B3C1FB97A}.Release|Any CPU.Build.0 = Release|Any CPU
	EndGlobalSection
	GlobalSection(SolutionProperties) = preSolution
		HideSolutionNode = FALSE
	EndGlobalSection
	GlobalSection(ExtensibilityGlobals) = postSolution
		SolutionGuid = {1BE883DA-D48D-4686-B997-B60020AA273E}
	EndGlobalSection
EndGlobal
